// !$*UTF8*$!
{
	archiveVersion = 1;
	classes = {
	};
	objectVersion = 51;
	objects = {

/* Begin PBXBuildFile section */
		627849CD26E9F95B0089C581 /* GoogleService-Info.plist in Resources */ = {isa = PBXBuildFile; fileRef = 627849CC26E9F95B0089C581 /* GoogleService-Info.plist */; };
		62962C2626EC2D11004310F9 /* TermsViewController.swift in Sources */ = {isa = PBXBuildFile; fileRef = 62962C2526EC2D11004310F9 /* TermsViewController.swift */; };
		62962C2826EC2D3A004310F9 /* PrivacyViewController.swift in Sources */ = {isa = PBXBuildFile; fileRef = 62962C2726EC2D3A004310F9 /* PrivacyViewController.swift */; };
		62C7579726E97D7B009C7AA5 /* AppDelegate.swift in Sources */ = {isa = PBXBuildFile; fileRef = 62C7579626E97D7B009C7AA5 /* AppDelegate.swift */; };
		62C7579926E97D7B009C7AA5 /* SceneDelegate.swift in Sources */ = {isa = PBXBuildFile; fileRef = 62C7579826E97D7B009C7AA5 /* SceneDelegate.swift */; };
		62C7579B26E97D7B009C7AA5 /* CommunityViewController.swift in Sources */ = {isa = PBXBuildFile; fileRef = 62C7579A26E97D7B009C7AA5 /* CommunityViewController.swift */; };
		62C7579E26E97D7B009C7AA5 /* Main.storyboard in Resources */ = {isa = PBXBuildFile; fileRef = 62C7579C26E97D7B009C7AA5 /* Main.storyboard */; };
		62C757A026E97D7C009C7AA5 /* Assets.xcassets in Resources */ = {isa = PBXBuildFile; fileRef = 62C7579F26E97D7C009C7AA5 /* Assets.xcassets */; };
		62C757A326E97D7C009C7AA5 /* LaunchScreen.storyboard in Resources */ = {isa = PBXBuildFile; fileRef = 62C757A126E97D7C009C7AA5 /* LaunchScreen.storyboard */; };
		62C757AF26E97E86009C7AA5 /* PlansViewController.swift in Sources */ = {isa = PBXBuildFile; fileRef = 62C757AE26E97E86009C7AA5 /* PlansViewController.swift */; };
		62C757B126E97EA0009C7AA5 /* FriendsViewController.swift in Sources */ = {isa = PBXBuildFile; fileRef = 62C757B026E97EA0009C7AA5 /* FriendsViewController.swift */; };
		62C757B326E97EE0009C7AA5 /* OrganizeViewController.swift in Sources */ = {isa = PBXBuildFile; fileRef = 62C757B226E97EE0009C7AA5 /* OrganizeViewController.swift */; };
		62C757B626E97F80009C7AA5 /* ProfileViewController.swift in Sources */ = {isa = PBXBuildFile; fileRef = 62C757B526E97F80009C7AA5 /* ProfileViewController.swift */; };
		62C757B826E97F9C009C7AA5 /* SettingsViewController.swift in Sources */ = {isa = PBXBuildFile; fileRef = 62C757B726E97F9C009C7AA5 /* SettingsViewController.swift */; };
		62C757BA26E97FDA009C7AA5 /* EventViewController.swift in Sources */ = {isa = PBXBuildFile; fileRef = 62C757B926E97FDA009C7AA5 /* EventViewController.swift */; };
		62C757BF26E985C1009C7AA5 /* LoginViewController.swift in Sources */ = {isa = PBXBuildFile; fileRef = 62C757BE26E985C1009C7AA5 /* LoginViewController.swift */; };
		62C757C126E985CD009C7AA5 /* RegisterViewController.swift in Sources */ = {isa = PBXBuildFile; fileRef = 62C757C026E985CD009C7AA5 /* RegisterViewController.swift */; };
		62C757C326E985F9009C7AA5 /* EditProfileViewController.swift in Sources */ = {isa = PBXBuildFile; fileRef = 62C757C226E985F9009C7AA5 /* EditProfileViewController.swift */; };
		62D045D926EACB8D00B2293C /* DatabaseManager.swift in Sources */ = {isa = PBXBuildFile; fileRef = 62D045D826EACB8D00B2293C /* DatabaseManager.swift */; };
		62D045DB26EACC7400B2293C /* AuthManager.swift in Sources */ = {isa = PBXBuildFile; fileRef = 62D045DA26EACC7400B2293C /* AuthManager.swift */; };
		62D045DD26EACCA600B2293C /* StorageManager.swift in Sources */ = {isa = PBXBuildFile; fileRef = 62D045DC26EACCA600B2293C /* StorageManager.swift */; };
		62D045DF26EAD6F600B2293C /* Extensions.swift in Sources */ = {isa = PBXBuildFile; fileRef = 62D045DE26EAD6F600B2293C /* Extensions.swift */; };
		FD42846776DEF375E56B6C4F /* Pods_Community.framework in Frameworks */ = {isa = PBXBuildFile; fileRef = EE2A9F7131544CBEB1801EB3 /* Pods_Community.framework */; };
/* End PBXBuildFile section */

/* Begin PBXFileReference section */
		0136871CC6159CDB4CB29CA6 /* Pods-Community.release.xcconfig */ = {isa = PBXFileReference; includeInIndex = 1; lastKnownFileType = text.xcconfig; name = "Pods-Community.release.xcconfig"; path = "Target Support Files/Pods-Community/Pods-Community.release.xcconfig"; sourceTree = "<group>"; };
		627849CC26E9F95B0089C581 /* GoogleService-Info.plist */ = {isa = PBXFileReference; fileEncoding = 4; lastKnownFileType = text.plist.xml; path = "GoogleService-Info.plist"; sourceTree = "<group>"; };
		62962C2526EC2D11004310F9 /* TermsViewController.swift */ = {isa = PBXFileReference; lastKnownFileType = sourcecode.swift; path = TermsViewController.swift; sourceTree = "<group>"; };
		62962C2726EC2D3A004310F9 /* PrivacyViewController.swift */ = {isa = PBXFileReference; lastKnownFileType = sourcecode.swift; path = PrivacyViewController.swift; sourceTree = "<group>"; };
		62C7579326E97D7B009C7AA5 /* Community.app */ = {isa = PBXFileReference; explicitFileType = wrapper.application; includeInIndex = 0; path = Community.app; sourceTree = BUILT_PRODUCTS_DIR; };
		62C7579626E97D7B009C7AA5 /* AppDelegate.swift */ = {isa = PBXFileReference; lastKnownFileType = sourcecode.swift; path = AppDelegate.swift; sourceTree = "<group>"; };
		62C7579826E97D7B009C7AA5 /* SceneDelegate.swift */ = {isa = PBXFileReference; lastKnownFileType = sourcecode.swift; path = SceneDelegate.swift; sourceTree = "<group>"; };
		62C7579A26E97D7B009C7AA5 /* CommunityViewController.swift */ = {isa = PBXFileReference; lastKnownFileType = sourcecode.swift; path = CommunityViewController.swift; sourceTree = "<group>"; };
		62C7579D26E97D7B009C7AA5 /* Base */ = {isa = PBXFileReference; lastKnownFileType = file.storyboard; name = Base; path = Base.lproj/Main.storyboard; sourceTree = "<group>"; };
		62C7579F26E97D7C009C7AA5 /* Assets.xcassets */ = {isa = PBXFileReference; lastKnownFileType = folder.assetcatalog; path = Assets.xcassets; sourceTree = "<group>"; };
		62C757A226E97D7C009C7AA5 /* Base */ = {isa = PBXFileReference; lastKnownFileType = file.storyboard; name = Base; path = Base.lproj/LaunchScreen.storyboard; sourceTree = "<group>"; };
		62C757A426E97D7C009C7AA5 /* Info.plist */ = {isa = PBXFileReference; lastKnownFileType = text.plist.xml; path = Info.plist; sourceTree = "<group>"; };
		62C757AE26E97E86009C7AA5 /* PlansViewController.swift */ = {isa = PBXFileReference; lastKnownFileType = sourcecode.swift; path = PlansViewController.swift; sourceTree = "<group>"; };
		62C757B026E97EA0009C7AA5 /* FriendsViewController.swift */ = {isa = PBXFileReference; lastKnownFileType = sourcecode.swift; path = FriendsViewController.swift; sourceTree = "<group>"; };
		62C757B226E97EE0009C7AA5 /* OrganizeViewController.swift */ = {isa = PBXFileReference; lastKnownFileType = sourcecode.swift; path = OrganizeViewController.swift; sourceTree = "<group>"; };
		62C757B526E97F80009C7AA5 /* ProfileViewController.swift */ = {isa = PBXFileReference; lastKnownFileType = sourcecode.swift; name = ProfileViewController.swift; path = Community/Controllers/Other/ProfileViewController.swift; sourceTree = SOURCE_ROOT; };
		62C757B726E97F9C009C7AA5 /* SettingsViewController.swift */ = {isa = PBXFileReference; lastKnownFileType = sourcecode.swift; path = SettingsViewController.swift; sourceTree = "<group>"; };
		62C757B926E97FDA009C7AA5 /* EventViewController.swift */ = {isa = PBXFileReference; lastKnownFileType = sourcecode.swift; path = EventViewController.swift; sourceTree = "<group>"; };
		62C757BE26E985C1009C7AA5 /* LoginViewController.swift */ = {isa = PBXFileReference; lastKnownFileType = sourcecode.swift; path = LoginViewController.swift; sourceTree = "<group>"; };
		62C757C026E985CD009C7AA5 /* RegisterViewController.swift */ = {isa = PBXFileReference; lastKnownFileType = sourcecode.swift; path = RegisterViewController.swift; sourceTree = "<group>"; };
		62C757C226E985F9009C7AA5 /* EditProfileViewController.swift */ = {isa = PBXFileReference; lastKnownFileType = sourcecode.swift; path = EditProfileViewController.swift; sourceTree = "<group>"; };
		62D045D826EACB8D00B2293C /* DatabaseManager.swift */ = {isa = PBXFileReference; lastKnownFileType = sourcecode.swift; path = DatabaseManager.swift; sourceTree = "<group>"; };
		62D045DA26EACC7400B2293C /* AuthManager.swift */ = {isa = PBXFileReference; lastKnownFileType = sourcecode.swift; path = AuthManager.swift; sourceTree = "<group>"; };
		62D045DC26EACCA600B2293C /* StorageManager.swift */ = {isa = PBXFileReference; lastKnownFileType = sourcecode.swift; path = StorageManager.swift; sourceTree = "<group>"; };
		62D045DE26EAD6F600B2293C /* Extensions.swift */ = {isa = PBXFileReference; lastKnownFileType = sourcecode.swift; path = Extensions.swift; sourceTree = "<group>"; };
		CF9E66C7DC34B0683A673EC7 /* Pods-Community.debug.xcconfig */ = {isa = PBXFileReference; includeInIndex = 1; lastKnownFileType = text.xcconfig; name = "Pods-Community.debug.xcconfig"; path = "Target Support Files/Pods-Community/Pods-Community.debug.xcconfig"; sourceTree = "<group>"; };
		EE2A9F7131544CBEB1801EB3 /* Pods_Community.framework */ = {isa = PBXFileReference; explicitFileType = wrapper.framework; includeInIndex = 0; path = Pods_Community.framework; sourceTree = BUILT_PRODUCTS_DIR; };
/* End PBXFileReference section */

/* Begin PBXFrameworksBuildPhase section */
		62C7579026E97D7B009C7AA5 /* Frameworks */ = {
			isa = PBXFrameworksBuildPhase;
			buildActionMask = 2147483647;
			files = (
				FD42846776DEF375E56B6C4F /* Pods_Community.framework in Frameworks */,
			);
			runOnlyForDeploymentPostprocessing = 0;
		};
/* End PBXFrameworksBuildPhase section */

/* Begin PBXGroup section */
		2446F071FB6CAA49B830F9F8 /* Pods */ = {
			isa = PBXGroup;
			children = (
				CF9E66C7DC34B0683A673EC7 /* Pods-Community.debug.xcconfig */,
				0136871CC6159CDB4CB29CA6 /* Pods-Community.release.xcconfig */,
			);
			path = Pods;
			sourceTree = "<group>";
		};
		4401FAC0FA47D84580A1816B /* Frameworks */ = {
			isa = PBXGroup;
			children = (
				EE2A9F7131544CBEB1801EB3 /* Pods_Community.framework */,
			);
			name = Frameworks;
			sourceTree = "<group>";
		};
		62C7578A26E97D7B009C7AA5 = {
			isa = PBXGroup;
			children = (
				62C7579526E97D7B009C7AA5 /* Community */,
				62C7579426E97D7B009C7AA5 /* Products */,
				2446F071FB6CAA49B830F9F8 /* Pods */,
				4401FAC0FA47D84580A1816B /* Frameworks */,
			);
			sourceTree = "<group>";
		};
		62C7579426E97D7B009C7AA5 /* Products */ = {
			isa = PBXGroup;
			children = (
				62C7579326E97D7B009C7AA5 /* Community.app */,
			);
			name = Products;
			sourceTree = "<group>";
		};
		62C7579526E97D7B009C7AA5 /* Community */ = {
			isa = PBXGroup;
			children = (
				62C757AD26E97E18009C7AA5 /* Resources */,
				62C757AC26E97E13009C7AA5 /* Models */,
				62C757AB26E97E0E009C7AA5 /* Views */,
				62C757AA26E97D90009C7AA5 /* Controllers */,
				62C757A426E97D7C009C7AA5 /* Info.plist */,
			);
			path = Community;
			sourceTree = "<group>";
		};
		62C757AA26E97D90009C7AA5 /* Controllers */ = {
			isa = PBXGroup;
			children = (
				62C757BD26E985A1009C7AA5 /* Other */,
				62C757BC26E98597009C7AA5 /* Onboarding */,
				62C757B426E97F5A009C7AA5 /* Core Tabs */,
			);
			path = Controllers;
			sourceTree = "<group>";
		};
		62C757AB26E97E0E009C7AA5 /* Views */ = {
			isa = PBXGroup;
			children = (
				62C757BB26E984BA009C7AA5 /* Storyboards */,
				62C7579F26E97D7C009C7AA5 /* Assets.xcassets */,
			);
			path = Views;
			sourceTree = "<group>";
		};
		62C757AC26E97E13009C7AA5 /* Models */ = {
			isa = PBXGroup;
			children = (
			);
			path = Models;
			sourceTree = "<group>";
		};
		62C757AD26E97E18009C7AA5 /* Resources */ = {
			isa = PBXGroup;
			children = (
				627849CC26E9F95B0089C581 /* GoogleService-Info.plist */,
				62C7579626E97D7B009C7AA5 /* AppDelegate.swift */,
				62C7579826E97D7B009C7AA5 /* SceneDelegate.swift */,
				62D045D826EACB8D00B2293C /* DatabaseManager.swift */,
				62D045DA26EACC7400B2293C /* AuthManager.swift */,
				62D045DC26EACCA600B2293C /* StorageManager.swift */,
				62D045DE26EAD6F600B2293C /* Extensions.swift */,
			);
			path = Resources;
			sourceTree = "<group>";
		};
		62C757B426E97F5A009C7AA5 /* Core Tabs */ = {
			isa = PBXGroup;
			children = (
				62C7579A26E97D7B009C7AA5 /* CommunityViewController.swift */,
				62C757AE26E97E86009C7AA5 /* PlansViewController.swift */,
				62C757B026E97EA0009C7AA5 /* FriendsViewController.swift */,
			);
			path = "Core Tabs";
			sourceTree = "<group>";
		};
		62C757BB26E984BA009C7AA5 /* Storyboards */ = {
			isa = PBXGroup;
			children = (
				62C7579C26E97D7B009C7AA5 /* Main.storyboard */,
				62C757A126E97D7C009C7AA5 /* LaunchScreen.storyboard */,
			);
			path = Storyboards;
			sourceTree = "<group>";
		};
		62C757BC26E98597009C7AA5 /* Onboarding */ = {
			isa = PBXGroup;
			children = (
				62C757BE26E985C1009C7AA5 /* LoginViewController.swift */,
				62C757C026E985CD009C7AA5 /* RegisterViewController.swift */,
				62962C2526EC2D11004310F9 /* TermsViewController.swift */,
				62962C2726EC2D3A004310F9 /* PrivacyViewController.swift */,
			);
			path = Onboarding;
			sourceTree = "<group>";
		};
		62C757BD26E985A1009C7AA5 /* Other */ = {
			isa = PBXGroup;
			children = (
				62C757B526E97F80009C7AA5 /* ProfileViewController.swift */,
				62C757B226E97EE0009C7AA5 /* OrganizeViewController.swift */,
				62C757B726E97F9C009C7AA5 /* SettingsViewController.swift */,
				62C757B926E97FDA009C7AA5 /* EventViewController.swift */,
				62C757C226E985F9009C7AA5 /* EditProfileViewController.swift */,
			);
			path = Other;
			sourceTree = "<group>";
		};
/* End PBXGroup section */

/* Begin PBXNativeTarget section */
		62C7579226E97D7B009C7AA5 /* Community */ = {
			isa = PBXNativeTarget;
			buildConfigurationList = 62C757A726E97D7C009C7AA5 /* Build configuration list for PBXNativeTarget "Community" */;
			buildPhases = (
				FCA32F1590B830B678A421C9 /* [CP] Check Pods Manifest.lock */,
				62C7578F26E97D7B009C7AA5 /* Sources */,
				62C7579026E97D7B009C7AA5 /* Frameworks */,
				62C7579126E97D7B009C7AA5 /* Resources */,
				94B8C7DC7977DD17EDE099A4 /* [CP] Embed Pods Frameworks */,
			);
			buildRules = (
			);
			dependencies = (
			);
			name = Community;
			productName = Community;
			productReference = 62C7579326E97D7B009C7AA5 /* Community.app */;
			productType = "com.apple.product-type.application";
		};
/* End PBXNativeTarget section */

/* Begin PBXProject section */
		62C7578B26E97D7B009C7AA5 /* Project object */ = {
			isa = PBXProject;
			attributes = {
				LastSwiftUpdateCheck = 1250;
				LastUpgradeCheck = 1250;
				TargetAttributes = {
					62C7579226E97D7B009C7AA5 = {
						CreatedOnToolsVersion = 12.5.1;
					};
				};
			};
			buildConfigurationList = 62C7578E26E97D7B009C7AA5 /* Build configuration list for PBXProject "Community" */;
			compatibilityVersion = "Xcode 9.3";
			developmentRegion = en;
			hasScannedForEncodings = 0;
			knownRegions = (
				en,
				Base,
			);
			mainGroup = 62C7578A26E97D7B009C7AA5;
			productRefGroup = 62C7579426E97D7B009C7AA5 /* Products */;
			projectDirPath = "";
			projectRoot = "";
			targets = (
				62C7579226E97D7B009C7AA5 /* Community */,
			);
		};
/* End PBXProject section */

/* Begin PBXResourcesBuildPhase section */
		62C7579126E97D7B009C7AA5 /* Resources */ = {
			isa = PBXResourcesBuildPhase;
			buildActionMask = 2147483647;
			files = (
				62C757A326E97D7C009C7AA5 /* LaunchScreen.storyboard in Resources */,
				627849CD26E9F95B0089C581 /* GoogleService-Info.plist in Resources */,
				62C757A026E97D7C009C7AA5 /* Assets.xcassets in Resources */,
				62C7579E26E97D7B009C7AA5 /* Main.storyboard in Resources */,
			);
			runOnlyForDeploymentPostprocessing = 0;
		};
/* End PBXResourcesBuildPhase section */

/* Begin PBXShellScriptBuildPhase section */
		94B8C7DC7977DD17EDE099A4 /* [CP] Embed Pods Frameworks */ = {
			isa = PBXShellScriptBuildPhase;
			buildActionMask = 2147483647;
			files = (
			);
			inputFileListPaths = (
				"${PODS_ROOT}/Target Support Files/Pods-Community/Pods-Community-frameworks-${CONFIGURATION}-input-files.xcfilelist",
			);
			name = "[CP] Embed Pods Frameworks";
			outputFileListPaths = (
				"${PODS_ROOT}/Target Support Files/Pods-Community/Pods-Community-frameworks-${CONFIGURATION}-output-files.xcfilelist",
			);
			runOnlyForDeploymentPostprocessing = 0;
			shellPath = /bin/sh;
			shellScript = "\"${PODS_ROOT}/Target Support Files/Pods-Community/Pods-Community-frameworks.sh\"\n";
			showEnvVarsInLog = 0;
		};
		FCA32F1590B830B678A421C9 /* [CP] Check Pods Manifest.lock */ = {
			isa = PBXShellScriptBuildPhase;
			buildActionMask = 2147483647;
			files = (
			);
			inputFileListPaths = (
			);
			inputPaths = (
				"${PODS_PODFILE_DIR_PATH}/Podfile.lock",
				"${PODS_ROOT}/Manifest.lock",
			);
			name = "[CP] Check Pods Manifest.lock";
			outputFileListPaths = (
			);
			outputPaths = (
				"$(DERIVED_FILE_DIR)/Pods-Community-checkManifestLockResult.txt",
			);
			runOnlyForDeploymentPostprocessing = 0;
			shellPath = /bin/sh;
			shellScript = "diff \"${PODS_PODFILE_DIR_PATH}/Podfile.lock\" \"${PODS_ROOT}/Manifest.lock\" > /dev/null\nif [ $? != 0 ] ; then\n    # print error to STDERR\n    echo \"error: The sandbox is not in sync with the Podfile.lock. Run 'pod install' or update your CocoaPods installation.\" >&2\n    exit 1\nfi\n# This output is used by Xcode 'outputs' to avoid re-running this script phase.\necho \"SUCCESS\" > \"${SCRIPT_OUTPUT_FILE_0}\"\n";
			showEnvVarsInLog = 0;
		};
/* End PBXShellScriptBuildPhase section */

/* Begin PBXSourcesBuildPhase section */
		62C7578F26E97D7B009C7AA5 /* Sources */ = {
			isa = PBXSourcesBuildPhase;
			buildActionMask = 2147483647;
			files = (
				62C7579B26E97D7B009C7AA5 /* CommunityViewController.swift in Sources */,
				62D045DB26EACC7400B2293C /* AuthManager.swift in Sources */,
				62C757C126E985CD009C7AA5 /* RegisterViewController.swift in Sources */,
				62D045D926EACB8D00B2293C /* DatabaseManager.swift in Sources */,
				62C757B126E97EA0009C7AA5 /* FriendsViewController.swift in Sources */,
				62962C2826EC2D3A004310F9 /* PrivacyViewController.swift in Sources */,
				62C757AF26E97E86009C7AA5 /* PlansViewController.swift in Sources */,
				62C757B326E97EE0009C7AA5 /* OrganizeViewController.swift in Sources */,
				62C757B626E97F80009C7AA5 /* ProfileViewController.swift in Sources */,
				62C757BA26E97FDA009C7AA5 /* EventViewController.swift in Sources */,
				62C7579726E97D7B009C7AA5 /* AppDelegate.swift in Sources */,
				62C757C326E985F9009C7AA5 /* EditProfileViewController.swift in Sources */,
				62D045DF26EAD6F600B2293C /* Extensions.swift in Sources */,
				62C7579926E97D7B009C7AA5 /* SceneDelegate.swift in Sources */,
				62962C2626EC2D11004310F9 /* TermsViewController.swift in Sources */,
				62D045DD26EACCA600B2293C /* StorageManager.swift in Sources */,
				62C757BF26E985C1009C7AA5 /* LoginViewController.swift in Sources */,
				62C757B826E97F9C009C7AA5 /* SettingsViewController.swift in Sources */,
			);
			runOnlyForDeploymentPostprocessing = 0;
		};
/* End PBXSourcesBuildPhase section */

/* Begin PBXVariantGroup section */
		62C7579C26E97D7B009C7AA5 /* Main.storyboard */ = {
			isa = PBXVariantGroup;
			children = (
				62C7579D26E97D7B009C7AA5 /* Base */,
			);
			name = Main.storyboard;
			sourceTree = "<group>";
		};
		62C757A126E97D7C009C7AA5 /* LaunchScreen.storyboard */ = {
			isa = PBXVariantGroup;
			children = (
				62C757A226E97D7C009C7AA5 /* Base */,
			);
			name = LaunchScreen.storyboard;
			sourceTree = "<group>";
		};
/* End PBXVariantGroup section */

/* Begin XCBuildConfiguration section */
		62C757A526E97D7C009C7AA5 /* Debug */ = {
			isa = XCBuildConfiguration;
			buildSettings = {
				ALWAYS_SEARCH_USER_PATHS = NO;
				CLANG_ANALYZER_NONNULL = YES;
				CLANG_ANALYZER_NUMBER_OBJECT_CONVERSION = YES_AGGRESSIVE;
				CLANG_CXX_LANGUAGE_STANDARD = "gnu++14";
				CLANG_CXX_LIBRARY = "libc++";
				CLANG_ENABLE_MODULES = YES;
				CLANG_ENABLE_OBJC_ARC = YES;
				CLANG_ENABLE_OBJC_WEAK = YES;
				CLANG_WARN_BLOCK_CAPTURE_AUTORELEASING = YES;
				CLANG_WARN_BOOL_CONVERSION = YES;
				CLANG_WARN_COMMA = YES;
				CLANG_WARN_CONSTANT_CONVERSION = YES;
				CLANG_WARN_DEPRECATED_OBJC_IMPLEMENTATIONS = YES;
				CLANG_WARN_DIRECT_OBJC_ISA_USAGE = YES_ERROR;
				CLANG_WARN_DOCUMENTATION_COMMENTS = YES;
				CLANG_WARN_EMPTY_BODY = YES;
				CLANG_WARN_ENUM_CONVERSION = YES;
				CLANG_WARN_INFINITE_RECURSION = YES;
				CLANG_WARN_INT_CONVERSION = YES;
				CLANG_WARN_NON_LITERAL_NULL_CONVERSION = YES;
				CLANG_WARN_OBJC_IMPLICIT_RETAIN_SELF = YES;
				CLANG_WARN_OBJC_LITERAL_CONVERSION = YES;
				CLANG_WARN_OBJC_ROOT_CLASS = YES_ERROR;
				CLANG_WARN_QUOTED_INCLUDE_IN_FRAMEWORK_HEADER = YES;
				CLANG_WARN_RANGE_LOOP_ANALYSIS = YES;
				CLANG_WARN_STRICT_PROTOTYPES = YES;
				CLANG_WARN_SUSPICIOUS_MOVE = YES;
				CLANG_WARN_UNGUARDED_AVAILABILITY = YES_AGGRESSIVE;
				CLANG_WARN_UNREACHABLE_CODE = YES;
				CLANG_WARN__DUPLICATE_METHOD_MATCH = YES;
				COPY_PHASE_STRIP = NO;
				DEBUG_INFORMATION_FORMAT = dwarf;
				ENABLE_STRICT_OBJC_MSGSEND = YES;
				ENABLE_TESTABILITY = YES;
				GCC_C_LANGUAGE_STANDARD = gnu11;
				GCC_DYNAMIC_NO_PIC = NO;
				GCC_NO_COMMON_BLOCKS = YES;
				GCC_OPTIMIZATION_LEVEL = 0;
				GCC_PREPROCESSOR_DEFINITIONS = (
					"DEBUG=1",
					"$(inherited)",
				);
				GCC_WARN_64_TO_32_BIT_CONVERSION = YES;
				GCC_WARN_ABOUT_RETURN_TYPE = YES_ERROR;
				GCC_WARN_UNDECLARED_SELECTOR = YES;
				GCC_WARN_UNINITIALIZED_AUTOS = YES_AGGRESSIVE;
				GCC_WARN_UNUSED_FUNCTION = YES;
				GCC_WARN_UNUSED_VARIABLE = YES;
				IPHONEOS_DEPLOYMENT_TARGET = 14.5;
				MTL_ENABLE_DEBUG_INFO = INCLUDE_SOURCE;
				MTL_FAST_MATH = YES;
				ONLY_ACTIVE_ARCH = YES;
				SDKROOT = iphoneos;
				SWIFT_ACTIVE_COMPILATION_CONDITIONS = DEBUG;
				SWIFT_OPTIMIZATION_LEVEL = "-Onone";
			};
			name = Debug;
		};
		62C757A626E97D7C009C7AA5 /* Release */ = {
			isa = XCBuildConfiguration;
			buildSettings = {
				ALWAYS_SEARCH_USER_PATHS = NO;
				CLANG_ANALYZER_NONNULL = YES;
				CLANG_ANALYZER_NUMBER_OBJECT_CONVERSION = YES_AGGRESSIVE;
				CLANG_CXX_LANGUAGE_STANDARD = "gnu++14";
				CLANG_CXX_LIBRARY = "libc++";
				CLANG_ENABLE_MODULES = YES;
				CLANG_ENABLE_OBJC_ARC = YES;
				CLANG_ENABLE_OBJC_WEAK = YES;
				CLANG_WARN_BLOCK_CAPTURE_AUTORELEASING = YES;
				CLANG_WARN_BOOL_CONVERSION = YES;
				CLANG_WARN_COMMA = YES;
				CLANG_WARN_CONSTANT_CONVERSION = YES;
				CLANG_WARN_DEPRECATED_OBJC_IMPLEMENTATIONS = YES;
				CLANG_WARN_DIRECT_OBJC_ISA_USAGE = YES_ERROR;
				CLANG_WARN_DOCUMENTATION_COMMENTS = YES;
				CLANG_WARN_EMPTY_BODY = YES;
				CLANG_WARN_ENUM_CONVERSION = YES;
				CLANG_WARN_INFINITE_RECURSION = YES;
				CLANG_WARN_INT_CONVERSION = YES;
				CLANG_WARN_NON_LITERAL_NULL_CONVERSION = YES;
				CLANG_WARN_OBJC_IMPLICIT_RETAIN_SELF = YES;
				CLANG_WARN_OBJC_LITERAL_CONVERSION = YES;
				CLANG_WARN_OBJC_ROOT_CLASS = YES_ERROR;
				CLANG_WARN_QUOTED_INCLUDE_IN_FRAMEWORK_HEADER = YES;
				CLANG_WARN_RANGE_LOOP_ANALYSIS = YES;
				CLANG_WARN_STRICT_PROTOTYPES = YES;
				CLANG_WARN_SUSPICIOUS_MOVE = YES;
				CLANG_WARN_UNGUARDED_AVAILABILITY = YES_AGGRESSIVE;
				CLANG_WARN_UNREACHABLE_CODE = YES;
				CLANG_WARN__DUPLICATE_METHOD_MATCH = YES;
				COPY_PHASE_STRIP = NO;
				DEBUG_INFORMATION_FORMAT = "dwarf-with-dsym";
				ENABLE_NS_ASSERTIONS = NO;
				ENABLE_STRICT_OBJC_MSGSEND = YES;
				GCC_C_LANGUAGE_STANDARD = gnu11;
				GCC_NO_COMMON_BLOCKS = YES;
				GCC_WARN_64_TO_32_BIT_CONVERSION = YES;
				GCC_WARN_ABOUT_RETURN_TYPE = YES_ERROR;
				GCC_WARN_UNDECLARED_SELECTOR = YES;
				GCC_WARN_UNINITIALIZED_AUTOS = YES_AGGRESSIVE;
				GCC_WARN_UNUSED_FUNCTION = YES;
				GCC_WARN_UNUSED_VARIABLE = YES;
				IPHONEOS_DEPLOYMENT_TARGET = 14.5;
				MTL_ENABLE_DEBUG_INFO = NO;
				MTL_FAST_MATH = YES;
				SDKROOT = iphoneos;
				SWIFT_COMPILATION_MODE = wholemodule;
				SWIFT_OPTIMIZATION_LEVEL = "-O";
				VALIDATE_PRODUCT = YES;
			};
			name = Release;
		};
		62C757A826E97D7C009C7AA5 /* Debug */ = {
			isa = XCBuildConfiguration;
			baseConfigurationReference = CF9E66C7DC34B0683A673EC7 /* Pods-Community.debug.xcconfig */;
			buildSettings = {
				ASSETCATALOG_COMPILER_APPICON_NAME = AppIcon;
				ASSETCATALOG_COMPILER_GLOBAL_ACCENT_COLOR_NAME = AccentColor;
				CODE_SIGN_STYLE = Automatic;
				DEVELOPMENT_TEAM = 82MMY53XP9;
				INFOPLIST_FILE = Community/Info.plist;
				IPHONEOS_DEPLOYMENT_TARGET = 14.1;
				LD_RUNPATH_SEARCH_PATHS = (
					"$(inherited)",
					"@executable_path/Frameworks",
				);
				PRODUCT_BUNDLE_IDENTIFIER = com.johnnyc.Community;
				PRODUCT_NAME = "$(TARGET_NAME)";
				SWIFT_VERSION = 5.0;
				TARGETED_DEVICE_FAMILY = "1,2";
			};
			name = Debug;
		};
		62C757A926E97D7C009C7AA5 /* Release */ = {
			isa = XCBuildConfiguration;
			baseConfigurationReference = 0136871CC6159CDB4CB29CA6 /* Pods-Community.release.xcconfig */;
			buildSettings = {
				ASSETCATALOG_COMPILER_APPICON_NAME = AppIcon;
				ASSETCATALOG_COMPILER_GLOBAL_ACCENT_COLOR_NAME = AccentColor;
				CODE_SIGN_STYLE = Automatic;
				DEVELOPMENT_TEAM = 82MMY53XP9;
				INFOPLIST_FILE = Community/Info.plist;
				IPHONEOS_DEPLOYMENT_TARGET = 14.1;
				LD_RUNPATH_SEARCH_PATHS = (
					"$(inherited)",
					"@executable_path/Frameworks",
				);
				PRODUCT_BUNDLE_IDENTIFIER = com.johnnyc.Community;
				PRODUCT_NAME = "$(TARGET_NAME)";
				SWIFT_VERSION = 5.0;
				TARGETED_DEVICE_FAMILY = "1,2";
			};
			name = Release;
		};
/* End XCBuildConfiguration section */

/* Begin XCConfigurationList section */
		62C7578E26E97D7B009C7AA5 /* Build configuration list for PBXProject "Community" */ = {
			isa = XCConfigurationList;
			buildConfigurations = (
				62C757A526E97D7C009C7AA5 /* Debug */,
				62C757A626E97D7C009C7AA5 /* Release */,
			);
			defaultConfigurationIsVisible = 0;
			defaultConfigurationName = Release;
		};
		62C757A726E97D7C009C7AA5 /* Build configuration list for PBXNativeTarget "Community" */ = {
			isa = XCConfigurationList;
			buildConfigurations = (
				62C757A826E97D7C009C7AA5 /* Debug */,
				62C757A926E97D7C009C7AA5 /* Release */,
			);
			defaultConfigurationIsVisible = 0;
			defaultConfigurationName = Release;
		};
/* End XCConfigurationList section */
	};
	rootObject = 62C7578B26E97D7B009C7AA5 /* Project object */;
}
